
Microsoft Visual Studio Solution File, Format Version 12.00
# Visual Studio Version 17
VisualStudioVersion = 17.7.34009.444
MinimumVisualStudioVersion = 10.0.40219.1
Project("{FAE04EC0-301F-11D3-BF4B-00C04F79EFBC}") = "CPSTester", "CPSTester\CPSTester.csproj", "{1BE30D69-F437-40C8-9413-EBBD0D7C2A6B}"
EndProject
Project("{FAE04EC0-301F-11D3-BF4B-00C04F79EFBC}") = "NeteaseNameGenerator", "NeteaseNameGenerator\NeteaseNameGenerator.csproj", "{B20089A0-72C9-4C6F-8D56-6AA1C0137DC1}"
EndProject
Global
	GlobalSection(SolutionConfigurationPlatforms) = preSolution
		Debug|Any CPU = Debug|Any CPU
		Release|Any CPU = Release|Any CPU
	EndGlobalSection
	GlobalSection(ProjectConfigurationPlatforms) = postSolution
		{1BE30D69-F437-40C8-9413-EBBD0D7C2A6B}.Debug|Any CPU.ActiveCfg = Debug|Any CPU
		{1BE30D69-F437-40C8-9413-EBBD0D7C2A6B}.Debug|Any CPU.Build.0 = Debug|Any CPU
		{1BE30D69-F437-40C8-9413-EBBD0D7C2A6B}.Release|Any CPU.ActiveCfg = Release|Any CPU
		{1BE30D69-F437-40C8-9413-EBBD0D7C2A6B}.Release|Any CPU.Build.0 = Release|Any CPU
		{B20089A0-72C9-4C6F-8D56-6AA1C0137DC1}.Debug|Any CPU.ActiveCfg = Debug|Any CPU
		{B20089A0-72C9-4C6F-8D56-6AA1C0137DC1}.Debug|Any CPU.Build.0 = Debug|Any CPU
		{B20089A0-72C9-4C6F-8D56-6AA1C0137DC1}.Release|Any CPU.ActiveCfg = Release|Any CPU
		{B20089A0-72C9-4C6F-8D56-6AA1C0137DC1}.Release|Any CPU.Build.0 = Release|Any CPU
	EndGlobalSection
	GlobalSection(SolutionProperties) = preSolution
		HideSolutionNode = FALSE
	EndGlobalSection
	GlobalSection(ExtensibilityGlobals) = postSolution
		SolutionGuid = {F90E6769-526F-4840-AF04-D39C2B45E682}
	EndGlobalSection
EndGlobal
